// !$*UTF8*$!
{
	archiveVersion = 1;
	classes = {
	};
	objectVersion = 56;
	objects = {

/* Begin PBXBuildFile section */
		0416307329AF30D90031EC9B /* UIStackView + Ext.swift in Sources */ = {isa = PBXBuildFile; fileRef = 0416307229AF30D90031EC9B /* UIStackView + Ext.swift */; };
		0416308129AF6F750031EC9B /* HomeView.swift in Sources */ = {isa = PBXBuildFile; fileRef = 0416308029AF6F750031EC9B /* HomeView.swift */; };
		0416308329AF6FA40031EC9B /* HomeViewController.swift in Sources */ = {isa = PBXBuildFile; fileRef = 0416308229AF6FA40031EC9B /* HomeViewController.swift */; };
		0416308529AF70390031EC9B /* ProgressView.swift in Sources */ = {isa = PBXBuildFile; fileRef = 0416308429AF70390031EC9B /* ProgressView.swift */; };
		0416308729AF70490031EC9B /* ProgressViewController.swift in Sources */ = {isa = PBXBuildFile; fileRef = 0416308629AF70490031EC9B /* ProgressViewController.swift */; };
		0416308929AF70950031EC9B /* AwardsView.swift in Sources */ = {isa = PBXBuildFile; fileRef = 0416308829AF70950031EC9B /* AwardsView.swift */; };
		0416308B29AF70A30031EC9B /* AwardsViewController.swift in Sources */ = {isa = PBXBuildFile; fileRef = 0416308A29AF70A30031EC9B /* AwardsViewController.swift */; };
		0416308D29AF70E10031EC9B /* AccountView.swift in Sources */ = {isa = PBXBuildFile; fileRef = 0416308C29AF70E10031EC9B /* AccountView.swift */; };
		0416308F29AF70EC0031EC9B /* AccountViewController.swift in Sources */ = {isa = PBXBuildFile; fileRef = 0416308E29AF70EC0031EC9B /* AccountViewController.swift */; };
		0452B96729AD09AE00370877 /* RatesView.swift in Sources */ = {isa = PBXBuildFile; fileRef = 0452B96629AD09AE00370877 /* RatesView.swift */; };
		0452B96929AD09C000370877 /* RatesViewController.swift in Sources */ = {isa = PBXBuildFile; fileRef = 0452B96829AD09C000370877 /* RatesViewController.swift */; };
		0452B96B29AD177700370877 /* UIView+Ext.swift in Sources */ = {isa = PBXBuildFile; fileRef = 0452B96A29AD177700370877 /* UIView+Ext.swift */; };
		0452B96D29AD232500370877 /* String + Ext.swift in Sources */ = {isa = PBXBuildFile; fileRef = 0452B96C29AD232500370877 /* String + Ext.swift */; };
		046C8EB8299F74880061D046 /* AppDelegate.swift in Sources */ = {isa = PBXBuildFile; fileRef = 046C8EB7299F74880061D046 /* AppDelegate.swift */; };
		046C8EBA299F74880061D046 /* SceneDelegate.swift in Sources */ = {isa = PBXBuildFile; fileRef = 046C8EB9299F74880061D046 /* SceneDelegate.swift */; };
		046C8EBC299F74880061D046 /* SingInViewController.swift in Sources */ = {isa = PBXBuildFile; fileRef = 046C8EBB299F74880061D046 /* SingInViewController.swift */; };
		046C8EC1299F74890061D046 /* Assets.xcassets in Resources */ = {isa = PBXBuildFile; fileRef = 046C8EC0299F74890061D046 /* Assets.xcassets */; };
		046C8EC4299F74890061D046 /* LaunchScreen.storyboard in Resources */ = {isa = PBXBuildFile; fileRef = 046C8EC2299F74890061D046 /* LaunchScreen.storyboard */; };
		046C8ED3299F7C420061D046 /* SingInView.swift in Sources */ = {isa = PBXBuildFile; fileRef = 046C8ED2299F7C420061D046 /* SingInView.swift */; };
		046C8ED9299FA2160061D046 /* GreetingView.swift in Sources */ = {isa = PBXBuildFile; fileRef = 046C8ED8299FA2160061D046 /* GreetingView.swift */; };
		046C8EDD299FA25F0061D046 /* GreetingViewController.swift in Sources */ = {isa = PBXBuildFile; fileRef = 046C8EDC299FA25F0061D046 /* GreetingViewController.swift */; };
		046C8EE0299FA38E0061D046 /* Colors.swift in Sources */ = {isa = PBXBuildFile; fileRef = 046C8EDF299FA38E0061D046 /* Colors.swift */; };
		046C8EE2299FE6BB0061D046 /* UserModel.swift in Sources */ = {isa = PBXBuildFile; fileRef = 046C8EE1299FE6BB0061D046 /* UserModel.swift */; };
		046C8EE529A384010061D046 /* UserSettings.swift in Sources */ = {isa = PBXBuildFile; fileRef = 046C8EE429A384010061D046 /* UserSettings.swift */; };
		046C8EEB29A398650061D046 /* QuizWelcomeViewController.swift in Sources */ = {isa = PBXBuildFile; fileRef = 046C8EEA29A398650061D046 /* QuizWelcomeViewController.swift */; };
		046C8EED29A39A210061D046 /* QuizWelcomeView.swift in Sources */ = {isa = PBXBuildFile; fileRef = 046C8EEC29A39A210061D046 /* QuizWelcomeView.swift */; };
		046C8EF229A3D35F0061D046 /* MeetTableViewCell.swift in Sources */ = {isa = PBXBuildFile; fileRef = 046C8EF129A3D35F0061D046 /* MeetTableViewCell.swift */; };
		0485128C29AB7F4A00A9CCFF /* UIButton + Ext.swift in Sources */ = {isa = PBXBuildFile; fileRef = 0485128B29AB7F4A00A9CCFF /* UIButton + Ext.swift */; };
		0485128E29AB953200A9CCFF /* QuizAnswersTableViewCell.swift in Sources */ = {isa = PBXBuildFile; fileRef = 0485128D29AB953200A9CCFF /* QuizAnswersTableViewCell.swift */; };
		04C0642E29A5E4A40024125C /* QuizAnswerView.swift in Sources */ = {isa = PBXBuildFile; fileRef = 04C0642D29A5E4A40024125C /* QuizAnswerView.swift */; };
		04C0643029A5E4B30024125C /* QuizAnswerViewController.swift in Sources */ = {isa = PBXBuildFile; fileRef = 04C0642F29A5E4B30024125C /* QuizAnswerViewController.swift */; };
		04C0643329A610960024125C /* QuizModel.swift in Sources */ = {isa = PBXBuildFile; fileRef = 04C0643229A610960024125C /* QuizModel.swift */; };
		04C0643629A611440024125C /* QuizQuestionsTableViewCell.swift in Sources */ = {isa = PBXBuildFile; fileRef = 04C0643529A611440024125C /* QuizQuestionsTableViewCell.swift */; };
		04DD01F929A4E87B00C2721F /* UIlabel + Ext.swift in Sources */ = {isa = PBXBuildFile; fileRef = 04DD01F829A4E87B00C2721F /* UIlabel + Ext.swift */; };
		9589755529A7C3DD00463B1A /* TabBarController.swift in Sources */ = {isa = PBXBuildFile; fileRef = 9589755429A7C3DD00463B1A /* TabBarController.swift */; };
		9589755929AB986B00463B1A /* Resourses.swift in Sources */ = {isa = PBXBuildFile; fileRef = 9589755829AB986B00463B1A /* Resourses.swift */; };
/* End PBXBuildFile section */

/* Begin PBXFileReference section */
		0416307229AF30D90031EC9B /* UIStackView + Ext.swift */ = {isa = PBXFileReference; lastKnownFileType = sourcecode.swift; path = "UIStackView + Ext.swift"; sourceTree = "<group>"; };
		0416308029AF6F750031EC9B /* HomeView.swift */ = {isa = PBXFileReference; lastKnownFileType = sourcecode.swift; path = HomeView.swift; sourceTree = "<group>"; };
		0416308229AF6FA40031EC9B /* HomeViewController.swift */ = {isa = PBXFileReference; lastKnownFileType = sourcecode.swift; path = HomeViewController.swift; sourceTree = "<group>"; };
		0416308429AF70390031EC9B /* ProgressView.swift */ = {isa = PBXFileReference; lastKnownFileType = sourcecode.swift; path = ProgressView.swift; sourceTree = "<group>"; };
		0416308629AF70490031EC9B /* ProgressViewController.swift */ = {isa = PBXFileReference; lastKnownFileType = sourcecode.swift; path = ProgressViewController.swift; sourceTree = "<group>"; };
		0416308829AF70950031EC9B /* AwardsView.swift */ = {isa = PBXFileReference; lastKnownFileType = sourcecode.swift; path = AwardsView.swift; sourceTree = "<group>"; };
		0416308A29AF70A30031EC9B /* AwardsViewController.swift */ = {isa = PBXFileReference; lastKnownFileType = sourcecode.swift; path = AwardsViewController.swift; sourceTree = "<group>"; };
		0416308C29AF70E10031EC9B /* AccountView.swift */ = {isa = PBXFileReference; lastKnownFileType = sourcecode.swift; path = AccountView.swift; sourceTree = "<group>"; };
		0416308E29AF70EC0031EC9B /* AccountViewController.swift */ = {isa = PBXFileReference; lastKnownFileType = sourcecode.swift; path = AccountViewController.swift; sourceTree = "<group>"; };
		0452B96629AD09AE00370877 /* RatesView.swift */ = {isa = PBXFileReference; lastKnownFileType = sourcecode.swift; path = RatesView.swift; sourceTree = "<group>"; };
		0452B96829AD09C000370877 /* RatesViewController.swift */ = {isa = PBXFileReference; lastKnownFileType = sourcecode.swift; path = RatesViewController.swift; sourceTree = "<group>"; };
		0452B96A29AD177700370877 /* UIView+Ext.swift */ = {isa = PBXFileReference; lastKnownFileType = sourcecode.swift; path = "UIView+Ext.swift"; sourceTree = "<group>"; };
		0452B96C29AD232500370877 /* String + Ext.swift */ = {isa = PBXFileReference; lastKnownFileType = sourcecode.swift; path = "String + Ext.swift"; sourceTree = "<group>"; };
		046C8EB4299F74880061D046 /* MorgeUIkit.app */ = {isa = PBXFileReference; explicitFileType = wrapper.application; includeInIndex = 0; path = MorgeUIkit.app; sourceTree = BUILT_PRODUCTS_DIR; };
		046C8EB7299F74880061D046 /* AppDelegate.swift */ = {isa = PBXFileReference; lastKnownFileType = sourcecode.swift; path = AppDelegate.swift; sourceTree = "<group>"; };
		046C8EB9299F74880061D046 /* SceneDelegate.swift */ = {isa = PBXFileReference; lastKnownFileType = sourcecode.swift; path = SceneDelegate.swift; sourceTree = "<group>"; };
		046C8EBB299F74880061D046 /* SingInViewController.swift */ = {isa = PBXFileReference; lastKnownFileType = sourcecode.swift; path = SingInViewController.swift; sourceTree = "<group>"; };
		046C8EC0299F74890061D046 /* Assets.xcassets */ = {isa = PBXFileReference; lastKnownFileType = folder.assetcatalog; path = Assets.xcassets; sourceTree = "<group>"; };
		046C8EC3299F74890061D046 /* Base */ = {isa = PBXFileReference; lastKnownFileType = file.storyboard; name = Base; path = Base.lproj/LaunchScreen.storyboard; sourceTree = "<group>"; };
		046C8EC5299F74890061D046 /* Info.plist */ = {isa = PBXFileReference; lastKnownFileType = text.plist.xml; path = Info.plist; sourceTree = "<group>"; };
		046C8ED2299F7C420061D046 /* SingInView.swift */ = {isa = PBXFileReference; lastKnownFileType = sourcecode.swift; path = SingInView.swift; sourceTree = "<group>"; };
		046C8ED8299FA2160061D046 /* GreetingView.swift */ = {isa = PBXFileReference; lastKnownFileType = sourcecode.swift; path = GreetingView.swift; sourceTree = "<group>"; };
		046C8EDC299FA25F0061D046 /* GreetingViewController.swift */ = {isa = PBXFileReference; lastKnownFileType = sourcecode.swift; path = GreetingViewController.swift; sourceTree = "<group>"; };
		046C8EDF299FA38E0061D046 /* Colors.swift */ = {isa = PBXFileReference; lastKnownFileType = sourcecode.swift; path = Colors.swift; sourceTree = "<group>"; };
		046C8EE1299FE6BB0061D046 /* UserModel.swift */ = {isa = PBXFileReference; lastKnownFileType = sourcecode.swift; path = UserModel.swift; sourceTree = "<group>"; };
		046C8EE429A384010061D046 /* UserSettings.swift */ = {isa = PBXFileReference; lastKnownFileType = sourcecode.swift; path = UserSettings.swift; sourceTree = "<group>"; };
		046C8EEA29A398650061D046 /* QuizWelcomeViewController.swift */ = {isa = PBXFileReference; lastKnownFileType = sourcecode.swift; path = QuizWelcomeViewController.swift; sourceTree = "<group>"; };
		046C8EEC29A39A210061D046 /* QuizWelcomeView.swift */ = {isa = PBXFileReference; lastKnownFileType = sourcecode.swift; path = QuizWelcomeView.swift; sourceTree = "<group>"; };
		046C8EF129A3D35F0061D046 /* MeetTableViewCell.swift */ = {isa = PBXFileReference; lastKnownFileType = sourcecode.swift; path = MeetTableViewCell.swift; sourceTree = "<group>"; };
		0485128B29AB7F4A00A9CCFF /* UIButton + Ext.swift */ = {isa = PBXFileReference; lastKnownFileType = sourcecode.swift; path = "UIButton + Ext.swift"; sourceTree = "<group>"; };
		0485128D29AB953200A9CCFF /* QuizAnswersTableViewCell.swift */ = {isa = PBXFileReference; lastKnownFileType = sourcecode.swift; path = QuizAnswersTableViewCell.swift; sourceTree = "<group>"; };
		04C0642D29A5E4A40024125C /* QuizAnswerView.swift */ = {isa = PBXFileReference; lastKnownFileType = sourcecode.swift; path = QuizAnswerView.swift; sourceTree = "<group>"; };
		04C0642F29A5E4B30024125C /* QuizAnswerViewController.swift */ = {isa = PBXFileReference; lastKnownFileType = sourcecode.swift; path = QuizAnswerViewController.swift; sourceTree = "<group>"; };
		04C0643229A610960024125C /* QuizModel.swift */ = {isa = PBXFileReference; lastKnownFileType = sourcecode.swift; path = QuizModel.swift; sourceTree = "<group>"; };
		04C0643529A611440024125C /* QuizQuestionsTableViewCell.swift */ = {isa = PBXFileReference; lastKnownFileType = sourcecode.swift; path = QuizQuestionsTableViewCell.swift; sourceTree = "<group>"; };
		04DD01F829A4E87B00C2721F /* UIlabel + Ext.swift */ = {isa = PBXFileReference; lastKnownFileType = sourcecode.swift; path = "UIlabel + Ext.swift"; sourceTree = "<group>"; };
		9589755429A7C3DD00463B1A /* TabBarController.swift */ = {isa = PBXFileReference; lastKnownFileType = sourcecode.swift; path = TabBarController.swift; sourceTree = "<group>"; };
		9589755829AB986B00463B1A /* Resourses.swift */ = {isa = PBXFileReference; lastKnownFileType = sourcecode.swift; path = Resourses.swift; sourceTree = "<group>"; };
/* End PBXFileReference section */

/* Begin PBXFrameworksBuildPhase section */
		046C8EB1299F74880061D046 /* Frameworks */ = {
			isa = PBXFrameworksBuildPhase;
			buildActionMask = 2147483647;
			files = (
			);
			runOnlyForDeploymentPostprocessing = 0;
		};
/* End PBXFrameworksBuildPhase section */

/* Begin PBXGroup section */
		0416307429AF6D340031EC9B /* ProgressModule */ = {
			isa = PBXGroup;
			children = (
				0416307B29AF6F200031EC9B /* ProgressView */,
				0416307A29AF6F1D0031EC9B /* ProgressViewController */,
			);
			path = ProgressModule;
			sourceTree = "<group>";
		};
		0416307529AF6D440031EC9B /* AwardsModule */ = {
			isa = PBXGroup;
			children = (
				0416307C29AF6F370031EC9B /* AwardsView */,
				0416307D29AF6F3F0031EC9B /* AwardsViewController */,
			);
			path = AwardsModule;
			sourceTree = "<group>";
		};
		0416307629AF6D540031EC9B /* AccountModule */ = {
			isa = PBXGroup;
			children = (
				0416307F29AF6F4F0031EC9B /* AccountView */,
				0416307E29AF6F4D0031EC9B /* AccountViewController */,
			);
			path = AccountModule;
			sourceTree = "<group>";
		};
		0416307729AF6DEB0031EC9B /* HomeViewController */ = {
			isa = PBXGroup;
			children = (
				0416308229AF6FA40031EC9B /* HomeViewController.swift */,
			);
			path = HomeViewController;
			sourceTree = "<group>";
		};
		0416307829AF6DEE0031EC9B /* HomeView */ = {
			isa = PBXGroup;
			children = (
				0416308029AF6F750031EC9B /* HomeView.swift */,
			);
			path = HomeView;
			sourceTree = "<group>";
		};
		0416307A29AF6F1D0031EC9B /* ProgressViewController */ = {
			isa = PBXGroup;
			children = (
				0416308629AF70490031EC9B /* ProgressViewController.swift */,
			);
			path = ProgressViewController;
			sourceTree = "<group>";
		};
		0416307B29AF6F200031EC9B /* ProgressView */ = {
			isa = PBXGroup;
			children = (
				0416308429AF70390031EC9B /* ProgressView.swift */,
			);
			path = ProgressView;
			sourceTree = "<group>";
		};
		0416307C29AF6F370031EC9B /* AwardsView */ = {
			isa = PBXGroup;
			children = (
				0416308829AF70950031EC9B /* AwardsView.swift */,
			);
			path = AwardsView;
			sourceTree = "<group>";
		};
		0416307D29AF6F3F0031EC9B /* AwardsViewController */ = {
			isa = PBXGroup;
			children = (
				0416308A29AF70A30031EC9B /* AwardsViewController.swift */,
			);
			path = AwardsViewController;
			sourceTree = "<group>";
		};
		0416307E29AF6F4D0031EC9B /* AccountViewController */ = {
			isa = PBXGroup;
			children = (
				0416308E29AF70EC0031EC9B /* AccountViewController.swift */,
			);
			path = AccountViewController;
			sourceTree = "<group>";
		};
		0416307F29AF6F4F0031EC9B /* AccountView */ = {
			isa = PBXGroup;
			children = (
				0416308C29AF70E10031EC9B /* AccountView.swift */,
			);
			path = AccountView;
			sourceTree = "<group>";
		};
		0452B96029AD08AF00370877 /* RatesModule */ = {
			isa = PBXGroup;
			children = (
				0452B96329AD091A00370877 /* View */,
				0452B96529AD093600370877 /* Controller */,
			);
			path = RatesModule;
			sourceTree = "<group>";
		};
		0452B96329AD091A00370877 /* View */ = {
			isa = PBXGroup;
			children = (
				0452B96629AD09AE00370877 /* RatesView.swift */,
			);
			path = View;
			sourceTree = "<group>";
		};
		0452B96429AD092200370877 /* HomeModule */ = {
			isa = PBXGroup;
			children = (
				0416307829AF6DEE0031EC9B /* HomeView */,
				0416307729AF6DEB0031EC9B /* HomeViewController */,
			);
			path = HomeModule;
			sourceTree = "<group>";
		};
		0452B96529AD093600370877 /* Controller */ = {
			isa = PBXGroup;
			children = (
				0452B96829AD09C000370877 /* RatesViewController.swift */,
			);
			path = Controller;
			sourceTree = "<group>";
		};
		046C8EAB299F74880061D046 = {
			isa = PBXGroup;
			children = (
				046C8EB6299F74880061D046 /* MorgeUIkit */,
				046C8EB5299F74880061D046 /* Products */,
			);
			sourceTree = "<group>";
		};
		046C8EB5299F74880061D046 /* Products */ = {
			isa = PBXGroup;
			children = (
				046C8EB4299F74880061D046 /* MorgeUIkit.app */,
			);
			name = Products;
			sourceTree = "<group>";
		};
		046C8EB6299F74880061D046 /* MorgeUIkit */ = {
			isa = PBXGroup;
			children = (
				046C8ECD299F7BF50061D046 /* Source */,
				046C8ECC299F765A0061D046 /* Resource */,
			);
			path = MorgeUIkit;
			sourceTree = "<group>";
		};
		046C8ECB299F764E0061D046 /* App */ = {
			isa = PBXGroup;
			children = (
				046C8EB7299F74880061D046 /* AppDelegate.swift */,
				046C8EB9299F74880061D046 /* SceneDelegate.swift */,
			);
			path = App;
			sourceTree = "<group>";
		};
		046C8ECC299F765A0061D046 /* Resource */ = {
			isa = PBXGroup;
			children = (
				046C8EC0299F74890061D046 /* Assets.xcassets */,
				046C8EC2299F74890061D046 /* LaunchScreen.storyboard */,
				046C8EC5299F74890061D046 /* Info.plist */,
			);
			path = Resource;
			sourceTree = "<group>";
		};
		046C8ECD299F7BF50061D046 /* Source */ = {
			isa = PBXGroup;
			children = (
				9589755329A6208400463B1A /* TabBar */,
				046C8EE329A383EA0061D046 /* UserDefaults */,
				046C8EDE299FA3800061D046 /* Constants */,
				046C8ED4299F83820061D046 /* Extensions */,
				046C8ECB299F764E0061D046 /* App */,
				046C8ECF299F7C120061D046 /* SingInModule */,
				046C8ED7299FA1F50061D046 /* GreetingModule */,
				046C8EE629A397D90061D046 /* QuizModule */,
				0452B96029AD08AF00370877 /* RatesModule */,
				0452B96429AD092200370877 /* HomeModule */,
				0416307429AF6D340031EC9B /* ProgressModule */,
				0416307529AF6D440031EC9B /* AwardsModule */,
				0416307629AF6D540031EC9B /* AccountModule */,
			);
			path = Source;
			sourceTree = "<group>";
		};
		046C8ECE299F7C070061D046 /* Controller */ = {
			isa = PBXGroup;
			children = (
				046C8EBB299F74880061D046 /* SingInViewController.swift */,
			);
			path = Controller;
			sourceTree = "<group>";
		};
		046C8ECF299F7C120061D046 /* SingInModule */ = {
			isa = PBXGroup;
			children = (
				046C8ED0299F7C230061D046 /* Model */,
				046C8ED1299F7C290061D046 /* View */,
				046C8ECE299F7C070061D046 /* Controller */,
			);
			path = SingInModule;
			sourceTree = "<group>";
		};
		046C8ED0299F7C230061D046 /* Model */ = {
			isa = PBXGroup;
			children = (
				046C8EE1299FE6BB0061D046 /* UserModel.swift */,
			);
			path = Model;
			sourceTree = "<group>";
		};
		046C8ED1299F7C290061D046 /* View */ = {
			isa = PBXGroup;
			children = (
				046C8ED2299F7C420061D046 /* SingInView.swift */,
			);
			path = View;
			sourceTree = "<group>";
		};
		046C8ED4299F83820061D046 /* Extensions */ = {
			isa = PBXGroup;
			children = (
				04DD01F829A4E87B00C2721F /* UIlabel + Ext.swift */,
				0416307229AF30D90031EC9B /* UIStackView + Ext.swift */,
				0452B96C29AD232500370877 /* String + Ext.swift */,
				0485128B29AB7F4A00A9CCFF /* UIButton + Ext.swift */,
				0452B96A29AD177700370877 /* UIView+Ext.swift */,
			);
			path = Extensions;
			sourceTree = "<group>";
		};
		046C8ED7299FA1F50061D046 /* GreetingModule */ = {
			isa = PBXGroup;
			children = (
				046C8EDA299FA2190061D046 /* View */,
				046C8EDB299FA2210061D046 /* Controller */,
			);
			path = GreetingModule;
			sourceTree = "<group>";
		};
		046C8EDA299FA2190061D046 /* View */ = {
			isa = PBXGroup;
			children = (
				046C8ED8299FA2160061D046 /* GreetingView.swift */,
			);
			path = View;
			sourceTree = "<group>";
		};
		046C8EDB299FA2210061D046 /* Controller */ = {
			isa = PBXGroup;
			children = (
				046C8EDC299FA25F0061D046 /* GreetingViewController.swift */,
			);
			path = Controller;
			sourceTree = "<group>";
		};
		046C8EDE299FA3800061D046 /* Constants */ = {
			isa = PBXGroup;
			children = (
				046C8EDF299FA38E0061D046 /* Colors.swift */,
			);
			path = Constants;
			sourceTree = "<group>";
		};
		046C8EE329A383EA0061D046 /* UserDefaults */ = {
			isa = PBXGroup;
			children = (
				046C8EE429A384010061D046 /* UserSettings.swift */,
			);
			path = UserDefaults;
			sourceTree = "<group>";
		};
		046C8EE629A397D90061D046 /* QuizModule */ = {
			isa = PBXGroup;
			children = (
				04C0642929A5E4400024125C /* QuizWelcome */,
				04C0642A29A5E4790024125C /* QuizAnswer */,
			);
			path = QuizModule;
			sourceTree = "<group>";
		};
		046C8EE829A398000061D046 /* View */ = {
			isa = PBXGroup;
			children = (
				046C8EEC29A39A210061D046 /* QuizWelcomeView.swift */,
			);
			path = View;
			sourceTree = "<group>";
		};
		046C8EE929A3980E0061D046 /* Controller */ = {
			isa = PBXGroup;
			children = (
				046C8EEA29A398650061D046 /* QuizWelcomeViewController.swift */,
			);
			path = Controller;
			sourceTree = "<group>";
		};
		046C8EF029A3D3470061D046 /* Cell */ = {
			isa = PBXGroup;
			children = (
				046C8EF129A3D35F0061D046 /* MeetTableViewCell.swift */,
			);
			path = Cell;
			sourceTree = "<group>";
		};
		04C0642929A5E4400024125C /* QuizWelcome */ = {
			isa = PBXGroup;
			children = (
				046C8EF029A3D3470061D046 /* Cell */,
				046C8EE829A398000061D046 /* View */,
				046C8EE929A3980E0061D046 /* Controller */,
			);
			path = QuizWelcome;
			sourceTree = "<group>";
		};
		04C0642A29A5E4790024125C /* QuizAnswer */ = {
			isa = PBXGroup;
			children = (
				04C0643429A611310024125C /* Cell */,
				04C0643129A6107E0024125C /* Model */,
				04C0642B29A5E4860024125C /* View */,
				04C0642C29A5E48E0024125C /* Controller */,
			);
			path = QuizAnswer;
			sourceTree = "<group>";
		};
		04C0642B29A5E4860024125C /* View */ = {
			isa = PBXGroup;
			children = (
				04C0642D29A5E4A40024125C /* QuizAnswerView.swift */,
			);
			path = View;
			sourceTree = "<group>";
		};
		04C0642C29A5E48E0024125C /* Controller */ = {
			isa = PBXGroup;
			children = (
				04C0642F29A5E4B30024125C /* QuizAnswerViewController.swift */,
			);
			path = Controller;
			sourceTree = "<group>";
		};
		04C0643129A6107E0024125C /* Model */ = {
			isa = PBXGroup;
			children = (
				04C0643229A610960024125C /* QuizModel.swift */,
			);
			path = Model;
			sourceTree = "<group>";
		};
		04C0643429A611310024125C /* Cell */ = {
			isa = PBXGroup;
			children = (
				04C0643529A611440024125C /* QuizQuestionsTableViewCell.swift */,
				0485128D29AB953200A9CCFF /* QuizAnswersTableViewCell.swift */,
			);
			path = Cell;
			sourceTree = "<group>";
		};
		9589755329A6208400463B1A /* TabBar */ = {
			isa = PBXGroup;
			children = (
				9589755429A7C3DD00463B1A /* TabBarController.swift */,
				9589755829AB986B00463B1A /* Resourses.swift */,
			);
			path = TabBar;
			sourceTree = "<group>";
		};
/* End PBXGroup section */

/* Begin PBXNativeTarget section */
		046C8EB3299F74880061D046 /* MorgeUIkit */ = {
			isa = PBXNativeTarget;
			buildConfigurationList = 046C8EC8299F74890061D046 /* Build configuration list for PBXNativeTarget "MorgeUIkit" */;
			buildPhases = (
				046C8EB0299F74880061D046 /* Sources */,
				046C8EB1299F74880061D046 /* Frameworks */,
				046C8EB2299F74880061D046 /* Resources */,
			);
			buildRules = (
			);
			dependencies = (
			);
			name = MorgeUIkit;
			productName = MorgeUIkit;
			productReference = 046C8EB4299F74880061D046 /* MorgeUIkit.app */;
			productType = "com.apple.product-type.application";
		};
/* End PBXNativeTarget section */

/* Begin PBXProject section */
		046C8EAC299F74880061D046 /* Project object */ = {
			isa = PBXProject;
			attributes = {
				BuildIndependentTargetsInParallel = 1;
				LastSwiftUpdateCheck = 1400;
				LastUpgradeCheck = 1400;
				TargetAttributes = {
					046C8EB3299F74880061D046 = {
						CreatedOnToolsVersion = 14.0.1;
					};
				};
			};
			buildConfigurationList = 046C8EAF299F74880061D046 /* Build configuration list for PBXProject "MorgeUIkit" */;
			compatibilityVersion = "Xcode 14.0";
			developmentRegion = en;
			hasScannedForEncodings = 0;
			knownRegions = (
				en,
				Base,
			);
			mainGroup = 046C8EAB299F74880061D046;
			productRefGroup = 046C8EB5299F74880061D046 /* Products */;
			projectDirPath = "";
			projectRoot = "";
			targets = (
				046C8EB3299F74880061D046 /* MorgeUIkit */,
			);
		};
/* End PBXProject section */

/* Begin PBXResourcesBuildPhase section */
		046C8EB2299F74880061D046 /* Resources */ = {
			isa = PBXResourcesBuildPhase;
			buildActionMask = 2147483647;
			files = (
				046C8EC4299F74890061D046 /* LaunchScreen.storyboard in Resources */,
				046C8EC1299F74890061D046 /* Assets.xcassets in Resources */,
			);
			runOnlyForDeploymentPostprocessing = 0;
		};
/* End PBXResourcesBuildPhase section */

/* Begin PBXSourcesBuildPhase section */
		046C8EB0299F74880061D046 /* Sources */ = {
			isa = PBXSourcesBuildPhase;
			buildActionMask = 2147483647;
			files = (
				0416308129AF6F750031EC9B /* HomeView.swift in Sources */,
				046C8EEB29A398650061D046 /* QuizWelcomeViewController.swift in Sources */,
				04C0642E29A5E4A40024125C /* QuizAnswerView.swift in Sources */,
				0452B96729AD09AE00370877 /* RatesView.swift in Sources */,
				0416308929AF70950031EC9B /* AwardsView.swift in Sources */,
				046C8EE0299FA38E0061D046 /* Colors.swift in Sources */,
				9589755529A7C3DD00463B1A /* TabBarController.swift in Sources */,
				0416308529AF70390031EC9B /* ProgressView.swift in Sources */,
				0416308F29AF70EC0031EC9B /* AccountViewController.swift in Sources */,
				046C8EBC299F74880061D046 /* SingInViewController.swift in Sources */,
				0416307329AF30D90031EC9B /* UIStackView + Ext.swift in Sources */,
				04C0643029A5E4B30024125C /* QuizAnswerViewController.swift in Sources */,
				046C8EED29A39A210061D046 /* QuizWelcomeView.swift in Sources */,
				0452B96D29AD232500370877 /* String + Ext.swift in Sources */,
				04DD01F929A4E87B00C2721F /* UIlabel + Ext.swift in Sources */,
				046C8EE2299FE6BB0061D046 /* UserModel.swift in Sources */,
				0416308D29AF70E10031EC9B /* AccountView.swift in Sources */,
				0485128E29AB953200A9CCFF /* QuizAnswersTableViewCell.swift in Sources */,
				0416308729AF70490031EC9B /* ProgressViewController.swift in Sources */,
				046C8EE529A384010061D046 /* UserSettings.swift in Sources */,
				0485128C29AB7F4A00A9CCFF /* UIButton + Ext.swift in Sources */,
				0452B96B29AD177700370877 /* UIView+Ext.swift in Sources */,
				046C8EDD299FA25F0061D046 /* GreetingViewController.swift in Sources */,
				04C0643329A610960024125C /* QuizModel.swift in Sources */,
				0416308B29AF70A30031EC9B /* AwardsViewController.swift in Sources */,
				0416308329AF6FA40031EC9B /* HomeViewController.swift in Sources */,
				046C8EB8299F74880061D046 /* AppDelegate.swift in Sources */,
				046C8EF229A3D35F0061D046 /* MeetTableViewCell.swift in Sources */,
				046C8ED9299FA2160061D046 /* GreetingView.swift in Sources */,
				9589755929AB986B00463B1A /* Resourses.swift in Sources */,
				046C8ED3299F7C420061D046 /* SingInView.swift in Sources */,
				04C0643629A611440024125C /* QuizQuestionsTableViewCell.swift in Sources */,
				0452B96929AD09C000370877 /* RatesViewController.swift in Sources */,
				046C8EBA299F74880061D046 /* SceneDelegate.swift in Sources */,
			);
			runOnlyForDeploymentPostprocessing = 0;
		};
/* End PBXSourcesBuildPhase section */

/* Begin PBXVariantGroup section */
		046C8EC2299F74890061D046 /* LaunchScreen.storyboard */ = {
			isa = PBXVariantGroup;
			children = (
				046C8EC3299F74890061D046 /* Base */,
			);
			name = LaunchScreen.storyboard;
			sourceTree = "<group>";
		};
/* End PBXVariantGroup section */

/* Begin XCBuildConfiguration section */
		046C8EC6299F74890061D046 /* Debug */ = {
			isa = XCBuildConfiguration;
			buildSettings = {
				ALWAYS_SEARCH_USER_PATHS = NO;
				CLANG_ANALYZER_NONNULL = YES;
				CLANG_ANALYZER_NUMBER_OBJECT_CONVERSION = YES_AGGRESSIVE;
				CLANG_CXX_LANGUAGE_STANDARD = "gnu++20";
				CLANG_ENABLE_MODULES = YES;
				CLANG_ENABLE_OBJC_ARC = YES;
				CLANG_ENABLE_OBJC_WEAK = YES;
				CLANG_WARN_BLOCK_CAPTURE_AUTORELEASING = YES;
				CLANG_WARN_BOOL_CONVERSION = YES;
				CLANG_WARN_COMMA = YES;
				CLANG_WARN_CONSTANT_CONVERSION = YES;
				CLANG_WARN_DEPRECATED_OBJC_IMPLEMENTATIONS = YES;
				CLANG_WARN_DIRECT_OBJC_ISA_USAGE = YES_ERROR;
				CLANG_WARN_DOCUMENTATION_COMMENTS = YES;
				CLANG_WARN_EMPTY_BODY = YES;
				CLANG_WARN_ENUM_CONVERSION = YES;
				CLANG_WARN_INFINITE_RECURSION = YES;
				CLANG_WARN_INT_CONVERSION = YES;
				CLANG_WARN_NON_LITERAL_NULL_CONVERSION = YES;
				CLANG_WARN_OBJC_IMPLICIT_RETAIN_SELF = YES;
				CLANG_WARN_OBJC_LITERAL_CONVERSION = YES;
				CLANG_WARN_OBJC_ROOT_CLASS = YES_ERROR;
				CLANG_WARN_QUOTED_INCLUDE_IN_FRAMEWORK_HEADER = YES;
				CLANG_WARN_RANGE_LOOP_ANALYSIS = YES;
				CLANG_WARN_STRICT_PROTOTYPES = YES;
				CLANG_WARN_SUSPICIOUS_MOVE = YES;
				CLANG_WARN_UNGUARDED_AVAILABILITY = YES_AGGRESSIVE;
				CLANG_WARN_UNREACHABLE_CODE = YES;
				CLANG_WARN__DUPLICATE_METHOD_MATCH = YES;
				COPY_PHASE_STRIP = NO;
				DEBUG_INFORMATION_FORMAT = dwarf;
				ENABLE_STRICT_OBJC_MSGSEND = YES;
				ENABLE_TESTABILITY = YES;
				GCC_C_LANGUAGE_STANDARD = gnu11;
				GCC_DYNAMIC_NO_PIC = NO;
				GCC_NO_COMMON_BLOCKS = YES;
				GCC_OPTIMIZATION_LEVEL = 0;
				GCC_PREPROCESSOR_DEFINITIONS = (
					"DEBUG=1",
					"$(inherited)",
				);
				GCC_WARN_64_TO_32_BIT_CONVERSION = YES;
				GCC_WARN_ABOUT_RETURN_TYPE = YES_ERROR;
				GCC_WARN_UNDECLARED_SELECTOR = YES;
				GCC_WARN_UNINITIALIZED_AUTOS = YES_AGGRESSIVE;
				GCC_WARN_UNUSED_FUNCTION = YES;
				GCC_WARN_UNUSED_VARIABLE = YES;
				IPHONEOS_DEPLOYMENT_TARGET = 16.0;
				MTL_ENABLE_DEBUG_INFO = INCLUDE_SOURCE;
				MTL_FAST_MATH = YES;
				ONLY_ACTIVE_ARCH = YES;
				SDKROOT = iphoneos;
				SWIFT_ACTIVE_COMPILATION_CONDITIONS = DEBUG;
				SWIFT_OPTIMIZATION_LEVEL = "-Onone";
			};
			name = Debug;
		};
		046C8EC7299F74890061D046 /* Release */ = {
			isa = XCBuildConfiguration;
			buildSettings = {
				ALWAYS_SEARCH_USER_PATHS = NO;
				CLANG_ANALYZER_NONNULL = YES;
				CLANG_ANALYZER_NUMBER_OBJECT_CONVERSION = YES_AGGRESSIVE;
				CLANG_CXX_LANGUAGE_STANDARD = "gnu++20";
				CLANG_ENABLE_MODULES = YES;
				CLANG_ENABLE_OBJC_ARC = YES;
				CLANG_ENABLE_OBJC_WEAK = YES;
				CLANG_WARN_BLOCK_CAPTURE_AUTORELEASING = YES;
				CLANG_WARN_BOOL_CONVERSION = YES;
				CLANG_WARN_COMMA = YES;
				CLANG_WARN_CONSTANT_CONVERSION = YES;
				CLANG_WARN_DEPRECATED_OBJC_IMPLEMENTATIONS = YES;
				CLANG_WARN_DIRECT_OBJC_ISA_USAGE = YES_ERROR;
				CLANG_WARN_DOCUMENTATION_COMMENTS = YES;
				CLANG_WARN_EMPTY_BODY = YES;
				CLANG_WARN_ENUM_CONVERSION = YES;
				CLANG_WARN_INFINITE_RECURSION = YES;
				CLANG_WARN_INT_CONVERSION = YES;
				CLANG_WARN_NON_LITERAL_NULL_CONVERSION = YES;
				CLANG_WARN_OBJC_IMPLICIT_RETAIN_SELF = YES;
				CLANG_WARN_OBJC_LITERAL_CONVERSION = YES;
				CLANG_WARN_OBJC_ROOT_CLASS = YES_ERROR;
				CLANG_WARN_QUOTED_INCLUDE_IN_FRAMEWORK_HEADER = YES;
				CLANG_WARN_RANGE_LOOP_ANALYSIS = YES;
				CLANG_WARN_STRICT_PROTOTYPES = YES;
				CLANG_WARN_SUSPICIOUS_MOVE = YES;
				CLANG_WARN_UNGUARDED_AVAILABILITY = YES_AGGRESSIVE;
				CLANG_WARN_UNREACHABLE_CODE = YES;
				CLANG_WARN__DUPLICATE_METHOD_MATCH = YES;
				COPY_PHASE_STRIP = NO;
				DEBUG_INFORMATION_FORMAT = "dwarf-with-dsym";
				ENABLE_NS_ASSERTIONS = NO;
				ENABLE_STRICT_OBJC_MSGSEND = YES;
				GCC_C_LANGUAGE_STANDARD = gnu11;
				GCC_NO_COMMON_BLOCKS = YES;
				GCC_WARN_64_TO_32_BIT_CONVERSION = YES;
				GCC_WARN_ABOUT_RETURN_TYPE = YES_ERROR;
				GCC_WARN_UNDECLARED_SELECTOR = YES;
				GCC_WARN_UNINITIALIZED_AUTOS = YES_AGGRESSIVE;
				GCC_WARN_UNUSED_FUNCTION = YES;
				GCC_WARN_UNUSED_VARIABLE = YES;
				IPHONEOS_DEPLOYMENT_TARGET = 16.0;
				MTL_ENABLE_DEBUG_INFO = NO;
				MTL_FAST_MATH = YES;
				SDKROOT = iphoneos;
				SWIFT_COMPILATION_MODE = wholemodule;
				SWIFT_OPTIMIZATION_LEVEL = "-O";
				VALIDATE_PRODUCT = YES;
			};
			name = Release;
		};
		046C8EC9299F74890061D046 /* Debug */ = {
			isa = XCBuildConfiguration;
			buildSettings = {
				ASSETCATALOG_COMPILER_APPICON_NAME = AppIcon;
				ASSETCATALOG_COMPILER_GLOBAL_ACCENT_COLOR_NAME = AccentColor;
				CODE_SIGN_STYLE = Automatic;
				CURRENT_PROJECT_VERSION = 1;
				GENERATE_INFOPLIST_FILE = YES;
				INFOPLIST_FILE = MorgeUIkit/Resource/Info.plist;
				INFOPLIST_KEY_UIApplicationSupportsIndirectInputEvents = YES;
				INFOPLIST_KEY_UILaunchStoryboardName = LaunchScreen;
				INFOPLIST_KEY_UISupportedInterfaceOrientations = UIInterfaceOrientationPortrait;
				INFOPLIST_KEY_UISupportedInterfaceOrientations_iPad = "UIInterfaceOrientationLandscapeLeft UIInterfaceOrientationLandscapeRight UIInterfaceOrientationPortrait UIInterfaceOrientationPortraitUpsideDown";
				LD_RUNPATH_SEARCH_PATHS = (
					"$(inherited)",
					"@executable_path/Frameworks",
				);
				MARKETING_VERSION = 1.0;
				PRODUCT_BUNDLE_IDENTIFIER = com.my.MorgeUIkit;
				PRODUCT_NAME = "$(TARGET_NAME)";
				SUPPORTED_PLATFORMS = "iphoneos iphonesimulator";
				SUPPORTS_MACCATALYST = NO;
				SUPPORTS_MAC_DESIGNED_FOR_IPHONE_IPAD = NO;
				SWIFT_EMIT_LOC_STRINGS = YES;
				SWIFT_VERSION = 5.0;
				TARGETED_DEVICE_FAMILY = 1;
			};
			name = Debug;
		};
		046C8ECA299F74890061D046 /* Release */ = {
			isa = XCBuildConfiguration;
			buildSettings = {
				ASSETCATALOG_COMPILER_APPICON_NAME = AppIcon;
				ASSETCATALOG_COMPILER_GLOBAL_ACCENT_COLOR_NAME = AccentColor;
				CODE_SIGN_STYLE = Automatic;
				CURRENT_PROJECT_VERSION = 1;
				GENERATE_INFOPLIST_FILE = YES;
				INFOPLIST_FILE = MorgeUIkit/Resource/Info.plist;
				INFOPLIST_KEY_UIApplicationSupportsIndirectInputEvents = YES;
				INFOPLIST_KEY_UILaunchStoryboardName = LaunchScreen;
				INFOPLIST_KEY_UISupportedInterfaceOrientations = UIInterfaceOrientationPortrait;
				INFOPLIST_KEY_UISupportedInterfaceOrientations_iPad = "UIInterfaceOrientationLandscapeLeft UIInterfaceOrientationLandscapeRight UIInterfaceOrientationPortrait UIInterfaceOrientationPortraitUpsideDown";
				LD_RUNPATH_SEARCH_PATHS = (
					"$(inherited)",
					"@executable_path/Frameworks",
				);
				MARKETING_VERSION = 1.0;
				PRODUCT_BUNDLE_IDENTIFIER = com.my.MorgeUIkit;
				PRODUCT_NAME = "$(TARGET_NAME)";
				SUPPORTED_PLATFORMS = "iphoneos iphonesimulator";
				SUPPORTS_MACCATALYST = NO;
				SUPPORTS_MAC_DESIGNED_FOR_IPHONE_IPAD = NO;
				SWIFT_EMIT_LOC_STRINGS = YES;
				SWIFT_VERSION = 5.0;
				TARGETED_DEVICE_FAMILY = 1;
			};
			name = Release;
		};
/* End XCBuildConfiguration section */

/* Begin XCConfigurationList section */
		046C8EAF299F74880061D046 /* Build configuration list for PBXProject "MorgeUIkit" */ = {
			isa = XCConfigurationList;
			buildConfigurations = (
				046C8EC6299F74890061D046 /* Debug */,
				046C8EC7299F74890061D046 /* Release */,
			);
			defaultConfigurationIsVisible = 0;
			defaultConfigurationName = Release;
		};
		046C8EC8299F74890061D046 /* Build configuration list for PBXNativeTarget "MorgeUIkit" */ = {
			isa = XCConfigurationList;
			buildConfigurations = (
				046C8EC9299F74890061D046 /* Debug */,
				046C8ECA299F74890061D046 /* Release */,
			);
			defaultConfigurationIsVisible = 0;
			defaultConfigurationName = Release;
		};
/* End XCConfigurationList section */
	};
	rootObject = 046C8EAC299F74880061D046 /* Project object */;
}
